
Microsoft Visual Studio Solution File, Format Version 12.00
# Visual Studio Version 17
VisualStudioVersion = 17.8.34322.80
MinimumVisualStudioVersion = 10.0.40219.1
Project("{E53339B2-1760-4266-BCC7-CA923CBCF16C}") = "docker-compose", "docker-compose.dcproj", "{B5A1A270-FDE3-4746-8CB3-E8E408FE85F2}"
EndProject
Project("{54A90642-561A-4BB1-A94E-469ADEE60C69}") = "SPA", "SPA\SPA.esproj", "{3467D95E-7646-482C-824C-2B3BF0D855AF}"
EndProject
Project("{9A19103F-16F7-4668-BE54-9A1E7A4F7556}") = "Users", "Users\Users.csproj", "{52B6ED03-86AB-43A8-B594-DBEF9F41C699}"
EndProject
Project("{FAE04EC0-301F-11D3-BF4B-00C04F79EFBC}") = "Orders", "Orders\Orders.csproj", "{3F2E810F-F5DC-4D9C-8747-09D3D7A5DEEC}"
EndProject
Project("{FAE04EC0-301F-11D3-BF4B-00C04F79EFBC}") = "CryptocurrencyTradingSystem.Core", "CryptocurrencyTradingSystem.Core\CryptocurrencyTradingSystem.Core.csproj", "{3CEC84F7-1E1F-4DCA-9FBF-3CF9BB1CC14F}"
EndProject
Global
	GlobalSection(SolutionConfigurationPlatforms) = preSolution
		Debug|Any CPU = Debug|Any CPU
		Release|Any CPU = Release|Any CPU
	EndGlobalSection
	GlobalSection(ProjectConfigurationPlatforms) = postSolution
		{B5A1A270-FDE3-4746-8CB3-E8E408FE85F2}.Debug|Any CPU.ActiveCfg = Debug|Any CPU
		{B5A1A270-FDE3-4746-8CB3-E8E408FE85F2}.Debug|Any CPU.Build.0 = Debug|Any CPU
		{B5A1A270-FDE3-4746-8CB3-E8E408FE85F2}.Release|Any CPU.ActiveCfg = Release|Any CPU
		{B5A1A270-FDE3-4746-8CB3-E8E408FE85F2}.Release|Any CPU.Build.0 = Release|Any CPU
		{3467D95E-7646-482C-824C-2B3BF0D855AF}.Debug|Any CPU.ActiveCfg = Debug|Any CPU
		{3467D95E-7646-482C-824C-2B3BF0D855AF}.Debug|Any CPU.Build.0 = Debug|Any CPU
		{3467D95E-7646-482C-824C-2B3BF0D855AF}.Debug|Any CPU.Deploy.0 = Debug|Any CPU
		{3467D95E-7646-482C-824C-2B3BF0D855AF}.Release|Any CPU.ActiveCfg = Release|Any CPU
		{3467D95E-7646-482C-824C-2B3BF0D855AF}.Release|Any CPU.Build.0 = Release|Any CPU
		{3467D95E-7646-482C-824C-2B3BF0D855AF}.Release|Any CPU.Deploy.0 = Release|Any CPU
		{52B6ED03-86AB-43A8-B594-DBEF9F41C699}.Debug|Any CPU.ActiveCfg = Debug|Any CPU
		{52B6ED03-86AB-43A8-B594-DBEF9F41C699}.Debug|Any CPU.Build.0 = Debug|Any CPU
		{52B6ED03-86AB-43A8-B594-DBEF9F41C699}.Release|Any CPU.ActiveCfg = Release|Any CPU
		{52B6ED03-86AB-43A8-B594-DBEF9F41C699}.Release|Any CPU.Build.0 = Release|Any CPU
		{3F2E810F-F5DC-4D9C-8747-09D3D7A5DEEC}.Debug|Any CPU.ActiveCfg = Debug|Any CPU
		{3F2E810F-F5DC-4D9C-8747-09D3D7A5DEEC}.Debug|Any CPU.Build.0 = Debug|Any CPU
		{3F2E810F-F5DC-4D9C-8747-09D3D7A5DEEC}.Release|Any CPU.ActiveCfg = Release|Any CPU
		{3F2E810F-F5DC-4D9C-8747-09D3D7A5DEEC}.Release|Any CPU.Build.0 = Release|Any CPU
		{3CEC84F7-1E1F-4DCA-9FBF-3CF9BB1CC14F}.Debug|Any CPU.ActiveCfg = Debug|Any CPU
		{3CEC84F7-1E1F-4DCA-9FBF-3CF9BB1CC14F}.Debug|Any CPU.Build.0 = Debug|Any CPU
		{3CEC84F7-1E1F-4DCA-9FBF-3CF9BB1CC14F}.Release|Any CPU.ActiveCfg = Release|Any CPU
		{3CEC84F7-1E1F-4DCA-9FBF-3CF9BB1CC14F}.Release|Any CPU.Build.0 = Release|Any CPU
	EndGlobalSection
	GlobalSection(SolutionProperties) = preSolution
		HideSolutionNode = FALSE
	EndGlobalSection
	GlobalSection(ExtensibilityGlobals) = postSolution
		SolutionGuid = {3B10FCAD-A6E8-4772-898D-3974CBB2687D}
	EndGlobalSection
EndGlobal
